
Microsoft Visual Studio Solution File, Format Version 12.00
# Visual Studio Version 16
VisualStudioVersion = 16.0.29728.190
MinimumVisualStudioVersion = 10.0.40219.1
Project("{FAE04EC0-301F-11D3-BF4B-00C04F79EFBC}") = "Maze", "Maze\Maze.csproj", "{95ACF0A7-ABE8-4425-82A1-9FE602856B86}"
EndProject
Project("{2150E333-8FDC-42A3-9474-1A3956D46DE8}") = "Classes", "Classes", "{C357AE34-803A-42E8-938B-5C46F90EC48D}"
	ProjectSection(SolutionItems) = preProject
		Maze\Cell.cs = Maze\Cell.cs
		Maze\Field.cs = Maze\Field.cs
		Maze\Tip.cs = Maze\Tip.cs
	EndProjectSection
EndProject
Global
	GlobalSection(SolutionConfigurationPlatforms) = preSolution
		Debug|Any CPU = Debug|Any CPU
		Release|Any CPU = Release|Any CPU
	EndGlobalSection
	GlobalSection(ProjectConfigurationPlatforms) = postSolution
		{95ACF0A7-ABE8-4425-82A1-9FE602856B86}.Debug|Any CPU.ActiveCfg = Debug|Any CPU
		{95ACF0A7-ABE8-4425-82A1-9FE602856B86}.Debug|Any CPU.Build.0 = Debug|Any CPU
		{95ACF0A7-ABE8-4425-82A1-9FE602856B86}.Release|Any CPU.ActiveCfg = Release|Any CPU
		{95ACF0A7-ABE8-4425-82A1-9FE602856B86}.Release|Any CPU.Build.0 = Release|Any CPU
	EndGlobalSection
	GlobalSection(SolutionProperties) = preSolution
		HideSolutionNode = FALSE
	EndGlobalSection
	GlobalSection(ExtensibilityGlobals) = postSolution
		SolutionGuid = {44F7224A-A2EE-420C-B324-0F0FC5780398}
	EndGlobalSection
EndGlobal
